
Microsoft Visual Studio Solution File, Format Version 12.00
# Visual Studio 15
VisualStudioVersion = 15.0.28307.489
MinimumVisualStudioVersion = 10.0.40219.1
Project("{FAE04EC0-301F-11D3-BF4B-00C04F79EFBC}") = "Test2", "Test2\Test2.csproj", "{5AB7CCE6-F7CC-420C-8323-37422E19289E}"
EndProject
Global
	GlobalSection(SolutionConfigurationPlatforms) = preSolution
		Debug|Any CPU = Debug|Any CPU
		Release|Any CPU = Release|Any CPU
	EndGlobalSection
	GlobalSection(ProjectConfigurationPlatforms) = postSolution
		{5AB7CCE6-F7CC-420C-8323-37422E19289E}.Debug|Any CPU.ActiveCfg = Debug|Any CPU
		{5AB7CCE6-F7CC-420C-8323-37422E19289E}.Debug|Any CPU.Build.0 = Debug|Any CPU
		{5AB7CCE6-F7CC-420C-8323-37422E19289E}.Release|Any CPU.ActiveCfg = Release|Any CPU
		{5AB7CCE6-F7CC-420C-8323-37422E19289E}.Release|Any CPU.Build.0 = Release|Any CPU
	EndGlobalSection
	GlobalSection(SolutionProperties) = preSolution
		HideSolutionNode = FALSE
	EndGlobalSection
	GlobalSection(ExtensibilityGlobals) = postSolution
		SolutionGuid = {4E00E479-3A3A-4B1E-A0A1-94652FC09D96}
	EndGlobalSection
EndGlobal
